
Microsoft Visual Studio Solution File, Format Version 12.00
# Visual Studio Version 17
VisualStudioVersion = 17.10.35122.118
MinimumVisualStudioVersion = 10.0.40219.1
Project("{9A19103F-16F7-4668-BE54-9A1E7A4F7556}") = "ConfigurationLibrary", "ConfigurationLibrary\ConfigurationLibrary.csproj", "{4687948F-5FC0-4E8E-AAEA-3E25BC9D2890}"
EndProject
Project("{9A19103F-16F7-4668-BE54-9A1E7A4F7556}") = "FrameworkLibrary", "FrameworkLibrary\FrameworkLibrary.csproj", "{7FE627CB-511F-4A7B-BF2E-1829FFAC49AA}"
EndProject
Project("{9A19103F-16F7-4668-BE54-9A1E7A4F7556}") = "LoggerLibrary", "LoggerLibrary\LoggerLibrary.csproj", "{C141E493-BB46-46C7-BC4E-1131674C3730}"
EndProject
Project("{9A19103F-16F7-4668-BE54-9A1E7A4F7556}") = "WebDriverLibrary", "WebDriverLibrary\WebDriverLibrary.csproj", "{8EF57DA7-D192-4D0F-986D-3C5D10AB658A}"
EndProject
Project("{FAE04EC0-301F-11D3-BF4B-00C04F79EFBC}") = "AppointmentPlannerTests", "AppointmentPlannerTests\AppointmentPlannerTests.csproj", "{6ABE4D38-24F9-4971-A552-4820AF9D0E8C}"
EndProject
Global
	GlobalSection(SolutionConfigurationPlatforms) = preSolution
		Debug|Any CPU = Debug|Any CPU
		Release|Any CPU = Release|Any CPU
	EndGlobalSection
	GlobalSection(ProjectConfigurationPlatforms) = postSolution
		{4687948F-5FC0-4E8E-AAEA-3E25BC9D2890}.Debug|Any CPU.ActiveCfg = Debug|Any CPU
		{4687948F-5FC0-4E8E-AAEA-3E25BC9D2890}.Debug|Any CPU.Build.0 = Debug|Any CPU
		{4687948F-5FC0-4E8E-AAEA-3E25BC9D2890}.Release|Any CPU.ActiveCfg = Release|Any CPU
		{4687948F-5FC0-4E8E-AAEA-3E25BC9D2890}.Release|Any CPU.Build.0 = Release|Any CPU
		{7FE627CB-511F-4A7B-BF2E-1829FFAC49AA}.Debug|Any CPU.ActiveCfg = Debug|Any CPU
		{7FE627CB-511F-4A7B-BF2E-1829FFAC49AA}.Debug|Any CPU.Build.0 = Debug|Any CPU
		{7FE627CB-511F-4A7B-BF2E-1829FFAC49AA}.Release|Any CPU.ActiveCfg = Release|Any CPU
		{7FE627CB-511F-4A7B-BF2E-1829FFAC49AA}.Release|Any CPU.Build.0 = Release|Any CPU
		{C141E493-BB46-46C7-BC4E-1131674C3730}.Debug|Any CPU.ActiveCfg = Debug|Any CPU
		{C141E493-BB46-46C7-BC4E-1131674C3730}.Debug|Any CPU.Build.0 = Debug|Any CPU
		{C141E493-BB46-46C7-BC4E-1131674C3730}.Release|Any CPU.ActiveCfg = Release|Any CPU
		{C141E493-BB46-46C7-BC4E-1131674C3730}.Release|Any CPU.Build.0 = Release|Any CPU
		{8EF57DA7-D192-4D0F-986D-3C5D10AB658A}.Debug|Any CPU.ActiveCfg = Debug|Any CPU
		{8EF57DA7-D192-4D0F-986D-3C5D10AB658A}.Debug|Any CPU.Build.0 = Debug|Any CPU
		{8EF57DA7-D192-4D0F-986D-3C5D10AB658A}.Release|Any CPU.ActiveCfg = Release|Any CPU
		{8EF57DA7-D192-4D0F-986D-3C5D10AB658A}.Release|Any CPU.Build.0 = Release|Any CPU
		{6ABE4D38-24F9-4971-A552-4820AF9D0E8C}.Debug|Any CPU.ActiveCfg = Debug|Any CPU
		{6ABE4D38-24F9-4971-A552-4820AF9D0E8C}.Debug|Any CPU.Build.0 = Debug|Any CPU
		{6ABE4D38-24F9-4971-A552-4820AF9D0E8C}.Release|Any CPU.ActiveCfg = Release|Any CPU
		{6ABE4D38-24F9-4971-A552-4820AF9D0E8C}.Release|Any CPU.Build.0 = Release|Any CPU
	EndGlobalSection
	GlobalSection(SolutionProperties) = preSolution
		HideSolutionNode = FALSE
	EndGlobalSection
	GlobalSection(ExtensibilityGlobals) = postSolution
		SolutionGuid = {A6AEA22C-B971-42EE-A2F3-1F030E7D0C91}
	EndGlobalSection
EndGlobal
